
Microsoft Visual Studio Solution File, Format Version 12.00
# Visual Studio Version 17
VisualStudioVersion = 17.8.34309.116
MinimumVisualStudioVersion = 10.0.40219.1
Project("{FAE04EC0-301F-11D3-BF4B-00C04F79EFBC}") = "EFCORE.API", "EFCORE.API\EFCORE.API.csproj", "{021D3590-7865-4D66-85A0-42F05582DB08}"
EndProject
Project("{FAE04EC0-301F-11D3-BF4B-00C04F79EFBC}") = "MODEL", "MODEL\MODEL.csproj", "{10F60DD5-2718-48BF-9896-D958B3938381}"
EndProject
Project("{FAE04EC0-301F-11D3-BF4B-00C04F79EFBC}") = "EFCORE.Infrastructure", "EFCORE.Infrastructure\EFCORE.Infrastructure.csproj", "{4652D577-612C-430F-A0BF-495B39A7FCE8}"
EndProject
Global
	GlobalSection(SolutionConfigurationPlatforms) = preSolution
		Debug|Any CPU = Debug|Any CPU
		Release|Any CPU = Release|Any CPU
	EndGlobalSection
	GlobalSection(ProjectConfigurationPlatforms) = postSolution
		{021D3590-7865-4D66-85A0-42F05582DB08}.Debug|Any CPU.ActiveCfg = Debug|Any CPU
		{021D3590-7865-4D66-85A0-42F05582DB08}.Debug|Any CPU.Build.0 = Debug|Any CPU
		{021D3590-7865-4D66-85A0-42F05582DB08}.Release|Any CPU.ActiveCfg = Release|Any CPU
		{021D3590-7865-4D66-85A0-42F05582DB08}.Release|Any CPU.Build.0 = Release|Any CPU
		{10F60DD5-2718-48BF-9896-D958B3938381}.Debug|Any CPU.ActiveCfg = Debug|Any CPU
		{10F60DD5-2718-48BF-9896-D958B3938381}.Debug|Any CPU.Build.0 = Debug|Any CPU
		{10F60DD5-2718-48BF-9896-D958B3938381}.Release|Any CPU.ActiveCfg = Release|Any CPU
		{10F60DD5-2718-48BF-9896-D958B3938381}.Release|Any CPU.Build.0 = Release|Any CPU
		{4652D577-612C-430F-A0BF-495B39A7FCE8}.Debug|Any CPU.ActiveCfg = Debug|Any CPU
		{4652D577-612C-430F-A0BF-495B39A7FCE8}.Debug|Any CPU.Build.0 = Debug|Any CPU
		{4652D577-612C-430F-A0BF-495B39A7FCE8}.Release|Any CPU.ActiveCfg = Release|Any CPU
		{4652D577-612C-430F-A0BF-495B39A7FCE8}.Release|Any CPU.Build.0 = Release|Any CPU
	EndGlobalSection
	GlobalSection(SolutionProperties) = preSolution
		HideSolutionNode = FALSE
	EndGlobalSection
	GlobalSection(ExtensibilityGlobals) = postSolution
		SolutionGuid = {DBEBA1CB-4DC4-4089-9D38-7E8BCB9197B8}
	EndGlobalSection
EndGlobal
